
Microsoft Visual Studio Solution File, Format Version 12.00
# Visual Studio Version 17
VisualStudioVersion = 17.0.31912.275
MinimumVisualStudioVersion = 10.0.40219.1
Project("{8BC9CEB8-8B4A-11D0-8D11-00A0C91BC942}") = "KeyboardCorrector", "KeyboardCorrector\KeyboardCorrector.vcxproj", "{06A64789-6FA1-4A75-B573-5A3A25E1029D}"
EndProject
Global
	GlobalSection(SolutionConfigurationPlatforms) = preSolution
		Debug|x64 = Debug|x64
		Debug|x86 = Debug|x86
		Release|x64 = Release|x64
		Release|x86 = Release|x86
	EndGlobalSection
	GlobalSection(ProjectConfigurationPlatforms) = postSolution
		{06A64789-6FA1-4A75-B573-5A3A25E1029D}.Debug|x64.ActiveCfg = Debug|x64
		{06A64789-6FA1-4A75-B573-5A3A25E1029D}.Debug|x64.Build.0 = Debug|x64
		{06A64789-6FA1-4A75-B573-5A3A25E1029D}.Debug|x86.ActiveCfg = Debug|Win32
		{06A64789-6FA1-4A75-B573-5A3A25E1029D}.Debug|x86.Build.0 = Debug|Win32
		{06A64789-6FA1-4A75-B573-5A3A25E1029D}.Release|x64.ActiveCfg = Release|x64
		{06A64789-6FA1-4A75-B573-5A3A25E1029D}.Release|x64.Build.0 = Release|x64
		{06A64789-6FA1-4A75-B573-5A3A25E1029D}.Release|x86.ActiveCfg = Release|Win32
		{06A64789-6FA1-4A75-B573-5A3A25E1029D}.Release|x86.Build.0 = Release|Win32
	EndGlobalSection
	GlobalSection(SolutionProperties) = preSolution
		HideSolutionNode = FALSE
	EndGlobalSection
	GlobalSection(ExtensibilityGlobals) = postSolution
		SolutionGuid = {128B7760-59DE-41DA-BD6F-3DD68C9ECC2D}
	EndGlobalSection
EndGlobal
